# This file was autogenerated by uv via the following command:
#    uv pip compile requirements-no-anchor.in --python /workspace/.venv-optiq-mujoco/bin/python --index-strategy unsafe-best-match -o requirements-no-anchor.lock
absl-py==2.5.0
    # via
    #   chex
    #   distrax
    #   dm-control
    #   dm-env
    #   dm-tree
    #   labmaze
    #   mujoco
    #   optax
    #   orbax-checkpoint
    #   tensorboard
    #   tensorflow-probability
annotated-types==0.8.0
    # via pydantic
antlr4-python3-runtime==4.9.3
    # via
    #   hydra-core
    #   omegaconf
attrs==26.1.0
    # via dm-tree
certifi==2026.7.22
    # via
    #   requests
    #   sentry-sdk
cffi==2.1.1
    # via cryptography
charset-normalizer==3.5.1
    # via requests
chex==0.1.87
    # via
    #   -r requirements-no-anchor.in
    #   distrax
    #   optax
click==8.5.0
    # via
    #   myosuite
    #   wandb
cloudpickle==3.1.2
    # via
    #   gymnasium
    #   stable-baselines3
    #   tensorflow-probability
contourpy==1.3.3
    # via matplotlib
cryptography==50.0.1
    # via google-auth
cycler==0.12.1
    # via matplotlib
decorator==5.3.1
    # via tensorflow-probability
distrax==0.1.5
    # via -r requirements-no-anchor.in
dm-control==1.0.28
    # via
    #   -r requirements-no-anchor.in
    #   myosuite
dm-env==1.6
    # via dm-control
dm-tree==0.1.10
    # via
    #   dm-control
    #   dm-env
    #   tensorflow-probability
etils==1.14.0
    # via
    #   mujoco
    #   orbax-checkpoint
farama-notifications==0.0.6
    # via gymnasium
filelock==3.32.5
    # via torch
flatten-dict==0.5.0
    # via myosuite
flax==0.9.0
    # via -r requirements-no-anchor.in
fonttools==4.64.0
    # via matplotlib
fsspec==2026.7.0
    # via
    #   etils
    #   torch
gast==0.7.0
    # via tensorflow-probability
gitdb==4.0.12
    # via gitpython
gitpython==3.1.62
    # via myosuite
glfw==2.10.2
    # via
    #   dm-control
    #   mujoco
google-auth==2.57.1
    # via
    #   google-auth-oauthlib
    #   tensorboard
google-auth-oauthlib==1.0.0
    # via tensorboard
grpcio==1.83.1
    # via tensorboard
gymnasium==0.29.1
    # via
    #   -r requirements-no-anchor.in
    #   myosuite
    #   stable-baselines3
h5py==3.16.0
    # via myosuite
humanize==4.16.0
    # via orbax-checkpoint
hydra-core==1.3.2
    # via -r requirements-no-anchor.in
idna==3.19
    # via requests
imageio==2.31.3
    # via -r requirements-no-anchor.in
iniconfig==2.3.0
    # via pytest
jax==0.4.33
    # via
    #   -r requirements-no-anchor.in
    #   chex
    #   distrax
    #   flax
    #   numpyro
    #   optax
    #   orbax-checkpoint
jax-cuda12-pjrt==0.4.33
    # via jax-cuda12-plugin
jax-cuda12-plugin==0.4.33
    # via jax
jaxlib==0.4.33
    # via
    #   chex
    #   distrax
    #   jax
    #   numpyro
    #   optax
    #   orbax-checkpoint
jinja2==3.1.6
    # via torch
kiwisolver==1.5.1
    # via matplotlib
labmaze==1.0.6
    # via dm-control
lxml==6.1.3
    # via dm-control
markdown==3.10.3
    # via tensorboard
markdown-it-py==4.2.0
    # via rich
markupsafe==3.0.3
    # via
    #   jinja2
    #   werkzeug
matplotlib==3.8.4
    # via
    #   -r requirements-no-anchor.in
    #   stable-baselines3
mdurl==0.1.2
    # via markdown-it-py
ml-dtypes==0.5.4
    # via
    #   jax
    #   jaxlib
    #   tensorstore
mpmath==1.3.0
    # via sympy
msgpack==1.2.2
    # via
    #   flax
    #   orbax-checkpoint
mujoco==3.3.0
    # via
    #   -r requirements-no-anchor.in
    #   dm-control
    #   myosuite
multipledispatch==1.0.0
    # via numpyro
myosuite==2.11.5
    # via -r requirements-no-anchor.in
nest-asyncio==1.6.0
    # via orbax-checkpoint
networkx==3.6.1
    # via torch
numpy==1.26.4
    # via
    #   -r requirements-no-anchor.in
    #   chex
    #   contourpy
    #   distrax
    #   dm-control
    #   dm-env
    #   dm-tree
    #   flax
    #   gymnasium
    #   h5py
    #   imageio
    #   jax
    #   jaxlib
    #   labmaze
    #   matplotlib
    #   ml-dtypes
    #   mujoco
    #   myosuite
    #   numpyro
    #   optax
    #   orbax-checkpoint
    #   pandas
    #   pink-noise-rl
    #   scipy
    #   sk-video
    #   stable-baselines3
    #   tensorboard
    #   tensorflow-probability
    #   tensorstore
numpyro==0.15.3
    # via -r requirements-no-anchor.in
nvidia-cublas-cu12==12.9.2.10
    # via
    #   jax-cuda12-plugin
    #   nvidia-cudnn-cu12
    #   nvidia-cusolver-cu12
nvidia-cuda-cupti-cu12==12.9.79
    # via jax-cuda12-plugin
nvidia-cuda-nvcc-cu12==12.9.86
    # via jax-cuda12-plugin
nvidia-cuda-nvrtc-cu12==12.9.86
    # via nvidia-cublas-cu12
nvidia-cuda-runtime-cu12==12.9.79
    # via jax-cuda12-plugin
nvidia-cudnn-cu12==9.25.1.1
    # via jax-cuda12-plugin
nvidia-cufft-cu12==11.4.1.4
    # via jax-cuda12-plugin
nvidia-cusolver-cu12==11.7.5.82
    # via jax-cuda12-plugin
nvidia-cusparse-cu12==12.5.10.65
    # via
    #   jax-cuda12-plugin
    #   nvidia-cusolver-cu12
nvidia-nccl-cu12==2.31.2
    # via jax-cuda12-plugin
nvidia-nvjitlink-cu12==12.9.86
    # via
    #   jax-cuda12-plugin
    #   nvidia-cufft-cu12
    #   nvidia-cusolver-cu12
    #   nvidia-cusparse-cu12
oauthlib==3.3.1
    # via requests-oauthlib
omegaconf==2.3.1
    # via hydra-core
opentelemetry-api==1.44.0
    # via wandb
opt-einsum==3.4.0
    # via jax
optax==0.1.7
    # via
    #   -r requirements-no-anchor.in
    #   flax
orbax-checkpoint==0.6.4
    # via
    #   -r requirements-no-anchor.in
    #   flax
packaging==26.3
    # via
    #   hydra-core
    #   matplotlib
    #   myosuite
    #   pytest
    #   wandb
    #   wheel
pandas==3.0.5
    # via stable-baselines3
pillow==12.3.0
    # via
    #   imageio
    #   matplotlib
    #   myosuite
pink-noise-rl==2.0.1
    # via myosuite
platformdirs==4.11.7
    # via wandb
pluggy==1.6.0
    # via pytest
protobuf==5.29.5
    # via
    #   -r requirements-no-anchor.in
    #   dm-control
    #   orbax-checkpoint
    #   tensorboard
    #   wandb
pyasn1==0.6.4
    # via pyasn1-modules
pyasn1-modules==0.4.2
    # via google-auth
pycparser==3.0
    # via cffi
pydantic==2.13.5
    # via wandb
pydantic-core==2.46.5
    # via pydantic
pygments==2.21.0
    # via rich
pyopengl==3.1.10
    # via
    #   dm-control
    #   mujoco
pyparsing==3.3.2
    # via
    #   dm-control
    #   matplotlib
pytest==8.3.5
    # via -r requirements-no-anchor.in
python-dateutil==2.9.0.post0
    # via
    #   matplotlib
    #   pandas
python-dotenv==1.2.3
    # via -r requirements-no-anchor.in
pyyaml==6.0.3
    # via
    #   flax
    #   omegaconf
    #   orbax-checkpoint
    #   wandb
requests==2.34.2
    # via
    #   dm-control
    #   requests-oauthlib
    #   tensorboard
    #   wandb
requests-oauthlib==2.0.0
    # via google-auth-oauthlib
rich==13.5.2
    # via
    #   -r requirements-no-anchor.in
    #   flax
scipy==1.11.4
    # via
    #   -r requirements-no-anchor.in
    #   dm-control
    #   jax
    #   jaxlib
    #   sk-video
sentry-sdk==2.68.1
    # via wandb
setuptools==75.8.0
    # via
    #   -r requirements-no-anchor.in
    #   dm-control
    #   labmaze
    #   tensorboard
six==1.17.0
    # via
    #   python-dateutil
    #   tensorflow-probability
sk-video==1.1.10
    # via myosuite
smmap==5.0.3
    # via gitdb
stable-baselines3==2.1.0
    # via -r requirements-no-anchor.in
sympy==1.14.0
    # via torch
tensorboard==2.14.0
    # via -r requirements-no-anchor.in
tensorboard-data-server==0.7.2
    # via tensorboard
tensorflow-probability==0.24.0
    # via
    #   -r requirements-no-anchor.in
    #   distrax
tensorstore==0.1.85
    # via
    #   flax
    #   orbax-checkpoint
termcolor==3.3.0
    # via myosuite
toolz==1.1.0
    # via chex
torch==2.4.1+cpu
    # via
    #   -r requirements-no-anchor.in
    #   stable-baselines3
tqdm==4.66.1
    # via
    #   -r requirements-no-anchor.in
    #   dm-control
    #   numpyro
typing-extensions==4.16.0
    # via
    #   chex
    #   etils
    #   flax
    #   grpcio
    #   gymnasium
    #   opentelemetry-api
    #   orbax-checkpoint
    #   pydantic
    #   pydantic-core
    #   torch
    #   typing-inspection
    #   wandb
typing-inspection==0.4.4
    # via pydantic
urllib3==2.7.0
    # via
    #   requests
    #   sentry-sdk
wandb==0.29.0
    # via -r requirements-no-anchor.in
werkzeug==3.1.8
    # via tensorboard
wheel==0.48.0
    # via tensorboard
wrapt==2.4.0
    # via dm-tree
xxhash==4.0.1
    # via wandb
zipp==4.1.0
    # via etils
